
Microsoft Visual Studio Solution File, Format Version 12.00
# Visual Studio Version 17
VisualStudioVersion = 17.0.31903.59
MinimumVisualStudioVersion = 10.0.40219.1
Project("{FAE04EC0-301F-11D3-BF4B-00C04F79EFBC}") = "ConsoleApp1", "ConsoleApp1\ConsoleApp1.csproj", "{5F100DD0-C7EE-4D6E-95DD-3264244BF13C}"
EndProject
Project("{FAE04EC0-301F-11D3-BF4B-00C04F79EFBC}") = "ConsoleApp2", "..\Udemy2\ConsoleApp2\ConsoleApp2.csproj", "{3637C750-8607-4C12-8679-A60D41B5F197}"
EndProject
Project("{FAE04EC0-301F-11D3-BF4B-00C04F79EFBC}") = "ConsoleApp3", "..\Udemy234\ConsoleApp3\ConsoleApp3.csproj", "{336FC90F-BFD8-4E81-9269-199A8764BA85}"
EndProject
Project("{FAE04EC0-301F-11D3-BF4B-00C04F79EFBC}") = "ConsoleApp4", "..\Udemy5\ConsoleApp4\ConsoleApp4.csproj", "{0A76334C-C257-4BA6-9D67-88DAA72FDA65}"
EndProject
Global
	GlobalSection(SolutionConfigurationPlatforms) = preSolution
		Debug|Any CPU = Debug|Any CPU
		Release|Any CPU = Release|Any CPU
	EndGlobalSection
	GlobalSection(SolutionProperties) = preSolution
		HideSolutionNode = FALSE
	EndGlobalSection
	GlobalSection(ProjectConfigurationPlatforms) = postSolution
		{5F100DD0-C7EE-4D6E-95DD-3264244BF13C}.Debug|Any CPU.ActiveCfg = Debug|Any CPU
		{5F100DD0-C7EE-4D6E-95DD-3264244BF13C}.Debug|Any CPU.Build.0 = Debug|Any CPU
		{5F100DD0-C7EE-4D6E-95DD-3264244BF13C}.Release|Any CPU.ActiveCfg = Release|Any CPU
		{5F100DD0-C7EE-4D6E-95DD-3264244BF13C}.Release|Any CPU.Build.0 = Release|Any CPU
		{3637C750-8607-4C12-8679-A60D41B5F197}.Debug|Any CPU.ActiveCfg = Debug|Any CPU
		{3637C750-8607-4C12-8679-A60D41B5F197}.Debug|Any CPU.Build.0 = Debug|Any CPU
		{3637C750-8607-4C12-8679-A60D41B5F197}.Release|Any CPU.ActiveCfg = Release|Any CPU
		{3637C750-8607-4C12-8679-A60D41B5F197}.Release|Any CPU.Build.0 = Release|Any CPU
		{336FC90F-BFD8-4E81-9269-199A8764BA85}.Debug|Any CPU.ActiveCfg = Debug|Any CPU
		{336FC90F-BFD8-4E81-9269-199A8764BA85}.Debug|Any CPU.Build.0 = Debug|Any CPU
		{336FC90F-BFD8-4E81-9269-199A8764BA85}.Release|Any CPU.ActiveCfg = Release|Any CPU
		{336FC90F-BFD8-4E81-9269-199A8764BA85}.Release|Any CPU.Build.0 = Release|Any CPU
		{0A76334C-C257-4BA6-9D67-88DAA72FDA65}.Debug|Any CPU.ActiveCfg = Debug|Any CPU
		{0A76334C-C257-4BA6-9D67-88DAA72FDA65}.Debug|Any CPU.Build.0 = Debug|Any CPU
		{0A76334C-C257-4BA6-9D67-88DAA72FDA65}.Release|Any CPU.ActiveCfg = Release|Any CPU
		{0A76334C-C257-4BA6-9D67-88DAA72FDA65}.Release|Any CPU.Build.0 = Release|Any CPU
	EndGlobalSection
EndGlobal
